// !$*UTF8*$!
{
	archiveVersion = 1;
	classes = {
	};
	objectVersion = 50;
	objects = {

/* Begin PBXBuildFile section */
		CB007A13249BA97D006BC83A /* AppDelegate.swift in Sources */ = {isa = PBXBuildFile; fileRef = CB007A12249BA97D006BC83A /* AppDelegate.swift */; };
		CB007A16249BA97D006BC83A /* Master_Detail_App.xcdatamodeld in Sources */ = {isa = PBXBuildFile; fileRef = CB007A14249BA97D006BC83A /* Master_Detail_App.xcdatamodeld */; };
		CB007A18249BA97D006BC83A /* SceneDelegate.swift in Sources */ = {isa = PBXBuildFile; fileRef = CB007A17249BA97D006BC83A /* SceneDelegate.swift */; };
		CB007A1A249BA97D006BC83A /* Event.swift in Sources */ = {isa = PBXBuildFile; fileRef = CB007A19249BA97D006BC83A /* Event.swift */; };
		CB007A1C249BA97D006BC83A /* ContentView.swift in Sources */ = {isa = PBXBuildFile; fileRef = CB007A1B249BA97D006BC83A /* ContentView.swift */; };
		CB007A1E249BA980006BC83A /* Assets.xcassets in Resources */ = {isa = PBXBuildFile; fileRef = CB007A1D249BA980006BC83A /* Assets.xcassets */; };
		CB007A21249BA980006BC83A /* Preview Assets.xcassets in Resources */ = {isa = PBXBuildFile; fileRef = CB007A20249BA980006BC83A /* Preview Assets.xcassets */; };
		CB007A24249BA980006BC83A /* LaunchScreen.storyboard in Resources */ = {isa = PBXBuildFile; fileRef = CB007A22249BA980006BC83A /* LaunchScreen.storyboard */; };
		CB007A2F249BA980006BC83A /* Master_Detail_AppTests.swift in Sources */ = {isa = PBXBuildFile; fileRef = CB007A2E249BA980006BC83A /* Master_Detail_AppTests.swift */; };
		CB007A3A249BA980006BC83A /* Master_Detail_AppUITests.swift in Sources */ = {isa = PBXBuildFile; fileRef = CB007A39249BA980006BC83A /* Master_Detail_AppUITests.swift */; };
/* End PBXBuildFile section */

/* Begin PBXContainerItemProxy section */
		CB007A2B249BA980006BC83A /* PBXContainerItemProxy */ = {
			isa = PBXContainerItemProxy;
			containerPortal = CB007A07249BA97D006BC83A /* Project object */;
			proxyType = 1;
			remoteGlobalIDString = CB007A0E249BA97D006BC83A;
			remoteInfo = "Master-Detail App";
		};
		CB007A36249BA980006BC83A /* PBXContainerItemProxy */ = {
			isa = PBXContainerItemProxy;
			containerPortal = CB007A07249BA97D006BC83A /* Project object */;
			proxyType = 1;
			remoteGlobalIDString = CB007A0E249BA97D006BC83A;
			remoteInfo = "Master-Detail App";
		};
/* End PBXContainerItemProxy section */

/* Begin PBXFileReference section */
		CB007A0F249BA97D006BC83A /* Master-Detail App.app */ = {isa = PBXFileReference; explicitFileType = wrapper.application; includeInIndex = 0; path = "Master-Detail App.app"; sourceTree = BUILT_PRODUCTS_DIR; };
		CB007A12249BA97D006BC83A /* AppDelegate.swift */ = {isa = PBXFileReference; lastKnownFileType = sourcecode.swift; path = AppDelegate.swift; sourceTree = "<group>"; };
		CB007A15249BA97D006BC83A /* Master_Detail_App.xcdatamodel */ = {isa = PBXFileReference; lastKnownFileType = wrapper.xcdatamodel; path = Master_Detail_App.xcdatamodel; sourceTree = "<group>"; };
		CB007A17249BA97D006BC83A /* SceneDelegate.swift */ = {isa = PBXFileReference; lastKnownFileType = sourcecode.swift; path = SceneDelegate.swift; sourceTree = "<group>"; };
		CB007A19249BA97D006BC83A /* Event.swift */ = {isa = PBXFileReference; lastKnownFileType = sourcecode.swift; path = Event.swift; sourceTree = "<group>"; };
		CB007A1B249BA97D006BC83A /* ContentView.swift */ = {isa = PBXFileReference; lastKnownFileType = sourcecode.swift; path = ContentView.swift; sourceTree = "<group>"; };
		CB007A1D249BA980006BC83A /* Assets.xcassets */ = {isa = PBXFileReference; lastKnownFileType = folder.assetcatalog; path = Assets.xcassets; sourceTree = "<group>"; };
		CB007A20249BA980006BC83A /* Preview Assets.xcassets */ = {isa = PBXFileReference; lastKnownFileType = folder.assetcatalog; path = "Preview Assets.xcassets"; sourceTree = "<group>"; };
		CB007A23249BA980006BC83A /* Base */ = {isa = PBXFileReference; lastKnownFileType = file.storyboard; name = Base; path = Base.lproj/LaunchScreen.storyboard; sourceTree = "<group>"; };
		CB007A25249BA980006BC83A /* Info.plist */ = {isa = PBXFileReference; lastKnownFileType = text.plist.xml; path = Info.plist; sourceTree = "<group>"; };
		CB007A2A249BA980006BC83A /* Master-Detail AppTests.xctest */ = {isa = PBXFileReference; explicitFileType = wrapper.cfbundle; includeInIndex = 0; path = "Master-Detail AppTests.xctest"; sourceTree = BUILT_PRODUCTS_DIR; };
		CB007A2E249BA980006BC83A /* Master_Detail_AppTests.swift */ = {isa = PBXFileReference; lastKnownFileType = sourcecode.swift; path = Master_Detail_AppTests.swift; sourceTree = "<group>"; };
		CB007A30249BA980006BC83A /* Info.plist */ = {isa = PBXFileReference; lastKnownFileType = text.plist.xml; path = Info.plist; sourceTree = "<group>"; };
		CB007A35249BA980006BC83A /* Master-Detail AppUITests.xctest */ = {isa = PBXFileReference; explicitFileType = wrapper.cfbundle; includeInIndex = 0; path = "Master-Detail AppUITests.xctest"; sourceTree = BUILT_PRODUCTS_DIR; };
		CB007A39249BA980006BC83A /* Master_Detail_AppUITests.swift */ = {isa = PBXFileReference; lastKnownFileType = sourcecode.swift; path = Master_Detail_AppUITests.swift; sourceTree = "<group>"; };
		CB007A3B249BA980006BC83A /* Info.plist */ = {isa = PBXFileReference; lastKnownFileType = text.plist.xml; path = Info.plist; sourceTree = "<group>"; };
/* End PBXFileReference section */

/* Begin PBXFrameworksBuildPhase section */
		CB007A0C249BA97D006BC83A /* Frameworks */ = {
			isa = PBXFrameworksBuildPhase;
			buildActionMask = 2147483647;
			files = (
			);
			runOnlyForDeploymentPostprocessing = 0;
		};
		CB007A27249BA980006BC83A /* Frameworks */ = {
			isa = PBXFrameworksBuildPhase;
			buildActionMask = 2147483647;
			files = (
			);
			runOnlyForDeploymentPostprocessing = 0;
		};
		CB007A32249BA980006BC83A /* Frameworks */ = {
			isa = PBXFrameworksBuildPhase;
			buildActionMask = 2147483647;
			files = (
			);
			runOnlyForDeploymentPostprocessing = 0;
		};
/* End PBXFrameworksBuildPhase section */

/* Begin PBXGroup section */
		CB007A06249BA97D006BC83A = {
			isa = PBXGroup;
			children = (
				CB007A11249BA97D006BC83A /* Master-Detail App */,
				CB007A2D249BA980006BC83A /* Master-Detail AppTests */,
				CB007A38249BA980006BC83A /* Master-Detail AppUITests */,
				CB007A10249BA97D006BC83A /* Products */,
			);
			sourceTree = "<group>";
		};
		CB007A10249BA97D006BC83A /* Products */ = {
			isa = PBXGroup;
			children = (
				CB007A0F249BA97D006BC83A /* Master-Detail App.app */,
				CB007A2A249BA980006BC83A /* Master-Detail AppTests.xctest */,
				CB007A35249BA980006BC83A /* Master-Detail AppUITests.xctest */,
			);
			name = Products;
			sourceTree = "<group>";
		};
		CB007A11249BA97D006BC83A /* Master-Detail App */ = {
			isa = PBXGroup;
			children = (
				CB007A12249BA97D006BC83A /* AppDelegate.swift */,
				CB007A17249BA97D006BC83A /* SceneDelegate.swift */,
				CB007A19249BA97D006BC83A /* Event.swift */,
				CB007A1B249BA97D006BC83A /* ContentView.swift */,
				CB007A1D249BA980006BC83A /* Assets.xcassets */,
				CB007A22249BA980006BC83A /* LaunchScreen.storyboard */,
				CB007A25249BA980006BC83A /* Info.plist */,
				CB007A14249BA97D006BC83A /* Master_Detail_App.xcdatamodeld */,
				CB007A1F249BA980006BC83A /* Preview Content */,
			);
			path = "Master-Detail App";
			sourceTree = "<group>";
		};
		CB007A1F249BA980006BC83A /* Preview Content */ = {
			isa = PBXGroup;
			children = (
				CB007A20249BA980006BC83A /* Preview Assets.xcassets */,
			);
			path = "Preview Content";
			sourceTree = "<group>";
		};
		CB007A2D249BA980006BC83A /* Master-Detail AppTests */ = {
			isa = PBXGroup;
			children = (
				CB007A2E249BA980006BC83A /* Master_Detail_AppTests.swift */,
				CB007A30249BA980006BC83A /* Info.plist */,
			);
			path = "Master-Detail AppTests";
			sourceTree = "<group>";
		};
		CB007A38249BA980006BC83A /* Master-Detail AppUITests */ = {
			isa = PBXGroup;
			children = (
				CB007A39249BA980006BC83A /* Master_Detail_AppUITests.swift */,
				CB007A3B249BA980006BC83A /* Info.plist */,
			);
			path = "Master-Detail AppUITests";
			sourceTree = "<group>";
		};
/* End PBXGroup section */

/* Begin PBXNativeTarget section */
		CB007A0E249BA97D006BC83A /* Master-Detail App */ = {
			isa = PBXNativeTarget;
			buildConfigurationList = CB007A3E249BA980006BC83A /* Build configuration list for PBXNativeTarget "Master-Detail App" */;
			buildPhases = (
				CB007A0B249BA97D006BC83A /* Sources */,
				CB007A0C249BA97D006BC83A /* Frameworks */,
				CB007A0D249BA97D006BC83A /* Resources */,
			);
			buildRules = (
			);
			dependencies = (
			);
			name = "Master-Detail App";
			productName = "Master-Detail App";
			productReference = CB007A0F249BA97D006BC83A /* Master-Detail App.app */;
			productType = "com.apple.product-type.application";
		};
		CB007A29249BA980006BC83A /* Master-Detail AppTests */ = {
			isa = PBXNativeTarget;
			buildConfigurationList = CB007A41249BA980006BC83A /* Build configuration list for PBXNativeTarget "Master-Detail AppTests" */;
			buildPhases = (
				CB007A26249BA980006BC83A /* Sources */,
				CB007A27249BA980006BC83A /* Frameworks */,
				CB007A28249BA980006BC83A /* Resources */,
			);
			buildRules = (
			);
			dependencies = (
				CB007A2C249BA980006BC83A /* PBXTargetDependency */,
			);
			name = "Master-Detail AppTests";
			productName = "Master-Detail AppTests";
			productReference = CB007A2A249BA980006BC83A /* Master-Detail AppTests.xctest */;
			productType = "com.apple.product-type.bundle.unit-test";
		};
		CB007A34249BA980006BC83A /* Master-Detail AppUITests */ = {
			isa = PBXNativeTarget;
			buildConfigurationList = CB007A44249BA980006BC83A /* Build configuration list for PBXNativeTarget "Master-Detail AppUITests" */;
			buildPhases = (
				CB007A31249BA980006BC83A /* Sources */,
				CB007A32249BA980006BC83A /* Frameworks */,
				CB007A33249BA980006BC83A /* Resources */,
			);
			buildRules = (
			);
			dependencies = (
				CB007A37249BA980006BC83A /* PBXTargetDependency */,
			);
			name = "Master-Detail AppUITests";
			productName = "Master-Detail AppUITests";
			productReference = CB007A35249BA980006BC83A /* Master-Detail AppUITests.xctest */;
			productType = "com.apple.product-type.bundle.ui-testing";
		};
/* End PBXNativeTarget section */

/* Begin PBXProject section */
		CB007A07249BA97D006BC83A /* Project object */ = {
			isa = PBXProject;
			attributes = {
				LastSwiftUpdateCheck = 1150;
				LastUpgradeCheck = 1150;
				ORGANIZATIONNAME = 256hax;
				TargetAttributes = {
					CB007A0E249BA97D006BC83A = {
						CreatedOnToolsVersion = 11.5;
					};
					CB007A29249BA980006BC83A = {
						CreatedOnToolsVersion = 11.5;
						TestTargetID = CB007A0E249BA97D006BC83A;
					};
					CB007A34249BA980006BC83A = {
						CreatedOnToolsVersion = 11.5;
						TestTargetID = CB007A0E249BA97D006BC83A;
					};
				};
			};
			buildConfigurationList = CB007A0A249BA97D006BC83A /* Build configuration list for PBXProject "Master-Detail App" */;
			compatibilityVersion = "Xcode 9.3";
			developmentRegion = en;
			hasScannedForEncodings = 0;
			knownRegions = (
				en,
				Base,
			);
			mainGroup = CB007A06249BA97D006BC83A;
			productRefGroup = CB007A10249BA97D006BC83A /* Products */;
			projectDirPath = "";
			projectRoot = "";
			targets = (
				CB007A0E249BA97D006BC83A /* Master-Detail App */,
				CB007A29249BA980006BC83A /* Master-Detail AppTests */,
				CB007A34249BA980006BC83A /* Master-Detail AppUITests */,
			);
		};
/* End PBXProject section */

/* Begin PBXResourcesBuildPhase section */
		CB007A0D249BA97D006BC83A /* Resources */ = {
			isa = PBXResourcesBuildPhase;
			buildActionMask = 2147483647;
			files = (
				CB007A24249BA980006BC83A /* LaunchScreen.storyboard in Resources */,
				CB007A21249BA980006BC83A /* Preview Assets.xcassets in Resources */,
				CB007A1E249BA980006BC83A /* Assets.xcassets in Resources */,
			);
			runOnlyForDeploymentPostprocessing = 0;
		};
		CB007A28249BA980006BC83A /* Resources */ = {
			isa = PBXResourcesBuildPhase;
			buildActionMask = 2147483647;
			files = (
			);
			runOnlyForDeploymentPostprocessing = 0;
		};
		CB007A33249BA980006BC83A /* Resources */ = {
			isa = PBXResourcesBuildPhase;
			buildActionMask = 2147483647;
			files = (
			);
			runOnlyForDeploymentPostprocessing = 0;
		};
/* End PBXResourcesBuildPhase section */

/* Begin PBXSourcesBuildPhase section */
		CB007A0B249BA97D006BC83A /* Sources */ = {
			isa = PBXSourcesBuildPhase;
			buildActionMask = 2147483647;
			files = (
				CB007A1A249BA97D006BC83A /* Event.swift in Sources */,
				CB007A1C249BA97D006BC83A /* ContentView.swift in Sources */,
				CB007A16249BA97D006BC83A /* Master_Detail_App.xcdatamodeld in Sources */,
				CB007A13249BA97D006BC83A /* AppDelegate.swift in Sources */,
				CB007A18249BA97D006BC83A /* SceneDelegate.swift in Sources */,
			);
			runOnlyForDeploymentPostprocessing = 0;
		};
		CB007A26249BA980006BC83A /* Sources */ = {
			isa = PBXSourcesBuildPhase;
			buildActionMask = 2147483647;
			files = (
				CB007A2F249BA980006BC83A /* Master_Detail_AppTests.swift in Sources */,
			);
			runOnlyForDeploymentPostprocessing = 0;
		};
		CB007A31249BA980006BC83A /* Sources */ = {
			isa = PBXSourcesBuildPhase;
			buildActionMask = 2147483647;
			files = (
				CB007A3A249BA980006BC83A /* Master_Detail_AppUITests.swift in Sources */,
			);
			runOnlyForDeploymentPostprocessing = 0;
		};
/* End PBXSourcesBuildPhase section */

/* Begin PBXTargetDependency section */
		CB007A2C249BA980006BC83A /* PBXTargetDependency */ = {
			isa = PBXTargetDependency;
			target = CB007A0E249BA97D006BC83A /* Master-Detail App */;
			targetProxy = CB007A2B249BA980006BC83A /* PBXContainerItemProxy */;
		};
		CB007A37249BA980006BC83A /* PBXTargetDependency */ = {
			isa = PBXTargetDependency;
			target = CB007A0E249BA97D006BC83A /* Master-Detail App */;
			targetProxy = CB007A36249BA980006BC83A /* PBXContainerItemProxy */;
		};
/* End PBXTargetDependency section */

/* Begin PBXVariantGroup section */
		CB007A22249BA980006BC83A /* LaunchScreen.storyboard */ = {
			isa = PBXVariantGroup;
			children = (
				CB007A23249BA980006BC83A /* Base */,
			);
			name = LaunchScreen.storyboard;
			sourceTree = "<group>";
		};
/* End PBXVariantGroup section */

/* Begin XCBuildConfiguration section */
		CB007A3C249BA980006BC83A /* Debug */ = {
			isa = XCBuildConfiguration;
			buildSettings = {
				ALWAYS_SEARCH_USER_PATHS = NO;
				CLANG_ANALYZER_NONNULL = YES;
				CLANG_ANALYZER_NUMBER_OBJECT_CONVERSION = YES_AGGRESSIVE;
				CLANG_CXX_LANGUAGE_STANDARD = "gnu++14";
				CLANG_CXX_LIBRARY = "libc++";
				CLANG_ENABLE_MODULES = YES;
				CLANG_ENABLE_OBJC_ARC = YES;
				CLANG_ENABLE_OBJC_WEAK = YES;
				CLANG_WARN_BLOCK_CAPTURE_AUTORELEASING = YES;
				CLANG_WARN_BOOL_CONVERSION = YES;
				CLANG_WARN_COMMA = YES;
				CLANG_WARN_CONSTANT_CONVERSION = YES;
				CLANG_WARN_DEPRECATED_OBJC_IMPLEMENTATIONS = YES;
				CLANG_WARN_DIRECT_OBJC_ISA_USAGE = YES_ERROR;
				CLANG_WARN_DOCUMENTATION_COMMENTS = YES;
				CLANG_WARN_EMPTY_BODY = YES;
				CLANG_WARN_ENUM_CONVERSION = YES;
				CLANG_WARN_INFINITE_RECURSION = YES;
				CLANG_WARN_INT_CONVERSION = YES;
				CLANG_WARN_NON_LITERAL_NULL_CONVERSION = YES;
				CLANG_WARN_OBJC_IMPLICIT_RETAIN_SELF = YES;
				CLANG_WARN_OBJC_LITERAL_CONVERSION = YES;
				CLANG_WARN_OBJC_ROOT_CLASS = YES_ERROR;
				CLANG_WARN_RANGE_LOOP_ANALYSIS = YES;
				CLANG_WARN_STRICT_PROTOTYPES = YES;
				CLANG_WARN_SUSPICIOUS_MOVE = YES;
				CLANG_WARN_UNGUARDED_AVAILABILITY = YES_AGGRESSIVE;
				CLANG_WARN_UNREACHABLE_CODE = YES;
				CLANG_WARN__DUPLICATE_METHOD_MATCH = YES;
				COPY_PHASE_STRIP = NO;
				DEBUG_INFORMATION_FORMAT = dwarf;
				ENABLE_STRICT_OBJC_MSGSEND = YES;
				ENABLE_TESTABILITY = YES;
				GCC_C_LANGUAGE_STANDARD = gnu11;
				GCC_DYNAMIC_NO_PIC = NO;
				GCC_NO_COMMON_BLOCKS = YES;
				GCC_OPTIMIZATION_LEVEL = 0;
				GCC_PREPROCESSOR_DEFINITIONS = (
					"DEBUG=1",
					"$(inherited)",
				);
				GCC_WARN_64_TO_32_BIT_CONVERSION = YES;
				GCC_WARN_ABOUT_RETURN_TYPE = YES_ERROR;
				GCC_WARN_UNDECLARED_SELECTOR = YES;
				GCC_WARN_UNINITIALIZED_AUTOS = YES_AGGRESSIVE;
				GCC_WARN_UNUSED_FUNCTION = YES;
				GCC_WARN_UNUSED_VARIABLE = YES;
				IPHONEOS_DEPLOYMENT_TARGET = 13.5;
				MTL_ENABLE_DEBUG_INFO = INCLUDE_SOURCE;
				MTL_FAST_MATH = YES;
				ONLY_ACTIVE_ARCH = YES;
				SDKROOT = iphoneos;
				SWIFT_ACTIVE_COMPILATION_CONDITIONS = DEBUG;
				SWIFT_OPTIMIZATION_LEVEL = "-Onone";
			};
			name = Debug;
		};
		CB007A3D249BA980006BC83A /* Release */ = {
			isa = XCBuildConfiguration;
			buildSettings = {
				ALWAYS_SEARCH_USER_PATHS = NO;
				CLANG_ANALYZER_NONNULL = YES;
				CLANG_ANALYZER_NUMBER_OBJECT_CONVERSION = YES_AGGRESSIVE;
				CLANG_CXX_LANGUAGE_STANDARD = "gnu++14";
				CLANG_CXX_LIBRARY = "libc++";
				CLANG_ENABLE_MODULES = YES;
				CLANG_ENABLE_OBJC_ARC = YES;
				CLANG_ENABLE_OBJC_WEAK = YES;
				CLANG_WARN_BLOCK_CAPTURE_AUTORELEASING = YES;
				CLANG_WARN_BOOL_CONVERSION = YES;
				CLANG_WARN_COMMA = YES;
				CLANG_WARN_CONSTANT_CONVERSION = YES;
				CLANG_WARN_DEPRECATED_OBJC_IMPLEMENTATIONS = YES;
				CLANG_WARN_DIRECT_OBJC_ISA_USAGE = YES_ERROR;
				CLANG_WARN_DOCUMENTATION_COMMENTS = YES;
				CLANG_WARN_EMPTY_BODY = YES;
				CLANG_WARN_ENUM_CONVERSION = YES;
				CLANG_WARN_INFINITE_RECURSION = YES;
				CLANG_WARN_INT_CONVERSION = YES;
				CLANG_WARN_NON_LITERAL_NULL_CONVERSION = YES;
				CLANG_WARN_OBJC_IMPLICIT_RETAIN_SELF = YES;
				CLANG_WARN_OBJC_LITERAL_CONVERSION = YES;
				CLANG_WARN_OBJC_ROOT_CLASS = YES_ERROR;
				CLANG_WARN_RANGE_LOOP_ANALYSIS = YES;
				CLANG_WARN_STRICT_PROTOTYPES = YES;
				CLANG_WARN_SUSPICIOUS_MOVE = YES;
				CLANG_WARN_UNGUARDED_AVAILABILITY = YES_AGGRESSIVE;
				CLANG_WARN_UNREACHABLE_CODE = YES;
				CLANG_WARN__DUPLICATE_METHOD_MATCH = YES;
				COPY_PHASE_STRIP = NO;
				DEBUG_INFORMATION_FORMAT = "dwarf-with-dsym";
				ENABLE_NS_ASSERTIONS = NO;
				ENABLE_STRICT_OBJC_MSGSEND = YES;
				GCC_C_LANGUAGE_STANDARD = gnu11;
				GCC_NO_COMMON_BLOCKS = YES;
				GCC_WARN_64_TO_32_BIT_CONVERSION = YES;
				GCC_WARN_ABOUT_RETURN_TYPE = YES_ERROR;
				GCC_WARN_UNDECLARED_SELECTOR = YES;
				GCC_WARN_UNINITIALIZED_AUTOS = YES_AGGRESSIVE;
				GCC_WARN_UNUSED_FUNCTION = YES;
				GCC_WARN_UNUSED_VARIABLE = YES;
				IPHONEOS_DEPLOYMENT_TARGET = 13.5;
				MTL_ENABLE_DEBUG_INFO = NO;
				MTL_FAST_MATH = YES;
				SDKROOT = iphoneos;
				SWIFT_COMPILATION_MODE = wholemodule;
				SWIFT_OPTIMIZATION_LEVEL = "-O";
				VALIDATE_PRODUCT = YES;
			};
			name = Release;
		};
		CB007A3F249BA980006BC83A /* Debug */ = {
			isa = XCBuildConfiguration;
			buildSettings = {
				ASSETCATALOG_COMPILER_APPICON_NAME = AppIcon;
				CODE_SIGN_STYLE = Automatic;
				DEVELOPMENT_ASSET_PATHS = "\"Master-Detail App/Preview Content\"";
				ENABLE_PREVIEWS = YES;
				INFOPLIST_FILE = "Master-Detail App/Info.plist";
				LD_RUNPATH_SEARCH_PATHS = (
					"$(inherited)",
					"@executable_path/Frameworks",
				);
				PRODUCT_BUNDLE_IDENTIFIER = "com.tanebox.Master-Detail-App";
				PRODUCT_NAME = "$(TARGET_NAME)";
				SWIFT_VERSION = 5.0;
				TARGETED_DEVICE_FAMILY = "1,2";
			};
			name = Debug;
		};
		CB007A40249BA980006BC83A /* Release */ = {
			isa = XCBuildConfiguration;
			buildSettings = {
				ASSETCATALOG_COMPILER_APPICON_NAME = AppIcon;
				CODE_SIGN_STYLE = Automatic;
				DEVELOPMENT_ASSET_PATHS = "\"Master-Detail App/Preview Content\"";
				ENABLE_PREVIEWS = YES;
				INFOPLIST_FILE = "Master-Detail App/Info.plist";
				LD_RUNPATH_SEARCH_PATHS = (
					"$(inherited)",
					"@executable_path/Frameworks",
				);
				PRODUCT_BUNDLE_IDENTIFIER = "com.tanebox.Master-Detail-App";
				PRODUCT_NAME = "$(TARGET_NAME)";
				SWIFT_VERSION = 5.0;
				TARGETED_DEVICE_FAMILY = "1,2";
			};
			name = Release;
		};
		CB007A42249BA980006BC83A /* Debug */ = {
			isa = XCBuildConfiguration;
			buildSettings = {
				ALWAYS_EMBED_SWIFT_STANDARD_LIBRARIES = YES;
				BUNDLE_LOADER = "$(TEST_HOST)";
				CODE_SIGN_STYLE = Automatic;
				INFOPLIST_FILE = "Master-Detail AppTests/Info.plist";
				IPHONEOS_DEPLOYMENT_TARGET = 13.5;
				LD_RUNPATH_SEARCH_PATHS = (
					"$(inherited)",
					"@executable_path/Frameworks",
					"@loader_path/Frameworks",
				);
				PRODUCT_BUNDLE_IDENTIFIER = "com.tanebox.Master-Detail-AppTests";
				PRODUCT_NAME = "$(TARGET_NAME)";
				SWIFT_VERSION = 5.0;
				TARGETED_DEVICE_FAMILY = "1,2";
				TEST_HOST = "$(BUILT_PRODUCTS_DIR)/Master-Detail App.app/Master-Detail App";
			};
			name = Debug;
		};
		CB007A43249BA980006BC83A /* Release */ = {
			isa = XCBuildConfiguration;
			buildSettings = {
				ALWAYS_EMBED_SWIFT_STANDARD_LIBRARIES = YES;
				BUNDLE_LOADER = "$(TEST_HOST)";
				CODE_SIGN_STYLE = Automatic;
				INFOPLIST_FILE = "Master-Detail AppTests/Info.plist";
				IPHONEOS_DEPLOYMENT_TARGET = 13.5;
				LD_RUNPATH_SEARCH_PATHS = (
					"$(inherited)",
					"@executable_path/Frameworks",
					"@loader_path/Frameworks",
				);
				PRODUCT_BUNDLE_IDENTIFIER = "com.tanebox.Master-Detail-AppTests";
				PRODUCT_NAME = "$(TARGET_NAME)";
				SWIFT_VERSION = 5.0;
				TARGETED_DEVICE_FAMILY = "1,2";
				TEST_HOST = "$(BUILT_PRODUCTS_DIR)/Master-Detail App.app/Master-Detail App";
			};
			name = Release;
		};
		CB007A45249BA980006BC83A /* Debug */ = {
			isa = XCBuildConfiguration;
			buildSettings = {
				ALWAYS_EMBED_SWIFT_STANDARD_LIBRARIES = YES;
				CODE_SIGN_STYLE = Automatic;
				INFOPLIST_FILE = "Master-Detail AppUITests/Info.plist";
				LD_RUNPATH_SEARCH_PATHS = (
					"$(inherited)",
					"@executable_path/Frameworks",
					"@loader_path/Frameworks",
				);
				PRODUCT_BUNDLE_IDENTIFIER = "com.tanebox.Master-Detail-AppUITests";
				PRODUCT_NAME = "$(TARGET_NAME)";
				SWIFT_VERSION = 5.0;
				TARGETED_DEVICE_FAMILY = "1,2";
				TEST_TARGET_NAME = "Master-Detail App";
			};
			name = Debug;
		};
		CB007A46249BA980006BC83A /* Release */ = {
			isa = XCBuildConfiguration;
			buildSettings = {
				ALWAYS_EMBED_SWIFT_STANDARD_LIBRARIES = YES;
				CODE_SIGN_STYLE = Automatic;
				INFOPLIST_FILE = "Master-Detail AppUITests/Info.plist";
				LD_RUNPATH_SEARCH_PATHS = (
					"$(inherited)",
					"@executable_path/Frameworks",
					"@loader_path/Frameworks",
				);
				PRODUCT_BUNDLE_IDENTIFIER = "com.tanebox.Master-Detail-AppUITests";
				PRODUCT_NAME = "$(TARGET_NAME)";
				SWIFT_VERSION = 5.0;
				TARGETED_DEVICE_FAMILY = "1,2";
				TEST_TARGET_NAME = "Master-Detail App";
			};
			name = Release;
		};
/* End XCBuildConfiguration section */

/* Begin XCConfigurationList section */
		CB007A0A249BA97D006BC83A /* Build configuration list for PBXProject "Master-Detail App" */ = {
			isa = XCConfigurationList;
			buildConfigurations = (
				CB007A3C249BA980006BC83A /* Debug */,
				CB007A3D249BA980006BC83A /* Release */,
			);
			defaultConfigurationIsVisible = 0;
			defaultConfigurationName = Release;
		};
		CB007A3E249BA980006BC83A /* Build configuration list for PBXNativeTarget "Master-Detail App" */ = {
			isa = XCConfigurationList;
			buildConfigurations = (
				CB007A3F249BA980006BC83A /* Debug */,
				CB007A40249BA980006BC83A /* Release */,
			);
			defaultConfigurationIsVisible = 0;
			defaultConfigurationName = Release;
		};
		CB007A41249BA980006BC83A /* Build configuration list for PBXNativeTarget "Master-Detail AppTests" */ = {
			isa = XCConfigurationList;
			buildConfigurations = (
				CB007A42249BA980006BC83A /* Debug */,
				CB007A43249BA980006BC83A /* Release */,
			);
			defaultConfigurationIsVisible = 0;
			defaultConfigurationName = Release;
		};
		CB007A44249BA980006BC83A /* Build configuration list for PBXNativeTarget "Master-Detail AppUITests" */ = {
			isa = XCConfigurationList;
			buildConfigurations = (
				CB007A45249BA980006BC83A /* Debug */,
				CB007A46249BA980006BC83A /* Release */,
			);
			defaultConfigurationIsVisible = 0;
			defaultConfigurationName = Release;
		};
/* End XCConfigurationList section */

/* Begin XCVersionGroup section */
		CB007A14249BA97D006BC83A /* Master_Detail_App.xcdatamodeld */ = {
			isa = XCVersionGroup;
			children = (
				CB007A15249BA97D006BC83A /* Master_Detail_App.xcdatamodel */,
			);
			currentVersion = CB007A15249BA97D006BC83A /* Master_Detail_App.xcdatamodel */;
			path = Master_Detail_App.xcdatamodeld;
			sourceTree = "<group>";
			versionGroupType = wrapper.xcdatamodel;
		};
/* End XCVersionGroup section */
	};
	rootObject = CB007A07249BA97D006BC83A /* Project object */;
}
